
Microsoft Visual Studio Solution File, Format Version 12.00
# Visual Studio 15
VisualStudioVersion = 15.0.28307.106
MinimumVisualStudioVersion = 10.0.40219.1
Project("{FAE04EC0-301F-11D3-BF4B-00C04F79EFBC}") = "CodeCracker.Test", "CodeCracker.Test\CodeCracker.Test.csproj", "{217DDA9B-4EC3-49FC-9647-14657E60C4B8}"
EndProject
Global
	GlobalSection(SolutionConfigurationPlatforms) = preSolution
		Debug|Any CPU = Debug|Any CPU
		Release|Any CPU = Release|Any CPU
	EndGlobalSection
	GlobalSection(ProjectConfigurationPlatforms) = postSolution
		{217DDA9B-4EC3-49FC-9647-14657E60C4B8}.Debug|Any CPU.ActiveCfg = Debug|Any CPU
		{217DDA9B-4EC3-49FC-9647-14657E60C4B8}.Debug|Any CPU.Build.0 = Debug|Any CPU
		{217DDA9B-4EC3-49FC-9647-14657E60C4B8}.Release|Any CPU.ActiveCfg = Release|Any CPU
		{217DDA9B-4EC3-49FC-9647-14657E60C4B8}.Release|Any CPU.Build.0 = Release|Any CPU
	EndGlobalSection
	GlobalSection(SolutionProperties) = preSolution
		HideSolutionNode = FALSE
	EndGlobalSection
	GlobalSection(ExtensibilityGlobals) = postSolution
		SolutionGuid = {97263F07-1F0A-46AF-86C6-B5AAC8212F04}
	EndGlobalSection
EndGlobal
